// !$*UTF8*$!
{
	archiveVersion = 1;
	classes = {
	};
	objectVersion = 50;
	objects = {

/* Begin PBXBuildFile section */
		AE85723023F8C6BE00ABF925 /* CassiniViewController.swift in Sources */ = {isa = PBXBuildFile; fileRef = AE85722F23F8C6BE00ABF925 /* CassiniViewController.swift */; };
		AEDDE2E923E4EA510045EA08 /* AppDelegate.swift in Sources */ = {isa = PBXBuildFile; fileRef = AEDDE2E823E4EA510045EA08 /* AppDelegate.swift */; };
		AEDDE2F023E4EA510045EA08 /* Main.storyboard in Resources */ = {isa = PBXBuildFile; fileRef = AEDDE2EE23E4EA510045EA08 /* Main.storyboard */; };
		AEDDE2F223E4EA5B0045EA08 /* Assets.xcassets in Resources */ = {isa = PBXBuildFile; fileRef = AEDDE2F123E4EA5B0045EA08 /* Assets.xcassets */; };
		AEDDE2F523E4EA5B0045EA08 /* LaunchScreen.storyboard in Resources */ = {isa = PBXBuildFile; fileRef = AEDDE2F323E4EA5B0045EA08 /* LaunchScreen.storyboard */; };
		AEDDE2FE23E4EB6C0045EA08 /* ImageViewController.swift in Sources */ = {isa = PBXBuildFile; fileRef = AEDDE2FD23E4EB6C0045EA08 /* ImageViewController.swift */; };
		AEDDE30023E654A80045EA08 /* DemoURLs.swift in Sources */ = {isa = PBXBuildFile; fileRef = AEDDE2FF23E654A80045EA08 /* DemoURLs.swift */; };
		AEDDE30223E654D70045EA08 /* oval.jpg in Resources */ = {isa = PBXBuildFile; fileRef = AEDDE30123E654D70045EA08 /* oval.jpg */; };
/* End PBXBuildFile section */

/* Begin PBXFileReference section */
		AE85722F23F8C6BE00ABF925 /* CassiniViewController.swift */ = {isa = PBXFileReference; lastKnownFileType = sourcecode.swift; path = CassiniViewController.swift; sourceTree = "<group>"; };
		AEDDE2E523E4EA510045EA08 /* Cassini.app */ = {isa = PBXFileReference; explicitFileType = wrapper.application; includeInIndex = 0; path = Cassini.app; sourceTree = BUILT_PRODUCTS_DIR; };
		AEDDE2E823E4EA510045EA08 /* AppDelegate.swift */ = {isa = PBXFileReference; lastKnownFileType = sourcecode.swift; path = AppDelegate.swift; sourceTree = "<group>"; };
		AEDDE2EF23E4EA510045EA08 /* Base */ = {isa = PBXFileReference; lastKnownFileType = file.storyboard; name = Base; path = Base.lproj/Main.storyboard; sourceTree = "<group>"; };
		AEDDE2F123E4EA5B0045EA08 /* Assets.xcassets */ = {isa = PBXFileReference; lastKnownFileType = folder.assetcatalog; path = Assets.xcassets; sourceTree = "<group>"; };
		AEDDE2F423E4EA5B0045EA08 /* Base */ = {isa = PBXFileReference; lastKnownFileType = file.storyboard; name = Base; path = Base.lproj/LaunchScreen.storyboard; sourceTree = "<group>"; };
		AEDDE2F623E4EA5B0045EA08 /* Info.plist */ = {isa = PBXFileReference; lastKnownFileType = text.plist.xml; path = Info.plist; sourceTree = "<group>"; };
		AEDDE2FD23E4EB6C0045EA08 /* ImageViewController.swift */ = {isa = PBXFileReference; lastKnownFileType = sourcecode.swift; name = ImageViewController.swift; path = Cassini/ImageViewController.swift; sourceTree = SOURCE_ROOT; };
		AEDDE2FF23E654A80045EA08 /* DemoURLs.swift */ = {isa = PBXFileReference; fileEncoding = 4; lastKnownFileType = sourcecode.swift; path = DemoURLs.swift; sourceTree = "<group>"; };
		AEDDE30123E654D70045EA08 /* oval.jpg */ = {isa = PBXFileReference; lastKnownFileType = image.jpeg; path = oval.jpg; sourceTree = "<group>"; };
/* End PBXFileReference section */

/* Begin PBXFrameworksBuildPhase section */
		AEDDE2E223E4EA510045EA08 /* Frameworks */ = {
			isa = PBXFrameworksBuildPhase;
			buildActionMask = 2147483647;
			files = (
			);
			runOnlyForDeploymentPostprocessing = 0;
		};
/* End PBXFrameworksBuildPhase section */

/* Begin PBXGroup section */
		AEDDE2DC23E4EA510045EA08 = {
			isa = PBXGroup;
			children = (
				AEDDE2E723E4EA510045EA08 /* Cassini */,
				AEDDE2E623E4EA510045EA08 /* Products */,
			);
			sourceTree = "<group>";
		};
		AEDDE2E623E4EA510045EA08 /* Products */ = {
			isa = PBXGroup;
			children = (
				AEDDE2E523E4EA510045EA08 /* Cassini.app */,
			);
			name = Products;
			sourceTree = "<group>";
		};
		AEDDE2E723E4EA510045EA08 /* Cassini */ = {
			isa = PBXGroup;
			children = (
				AEDDE2FC23E4EA9A0045EA08 /* Supporting FIles */,
				AEDDE2EE23E4EA510045EA08 /* Main.storyboard */,
				AE85722F23F8C6BE00ABF925 /* CassiniViewController.swift */,
				AEDDE2FD23E4EB6C0045EA08 /* ImageViewController.swift */,
				AEDDE2F623E4EA5B0045EA08 /* Info.plist */,
				AEDDE30123E654D70045EA08 /* oval.jpg */,
				AEDDE2FF23E654A80045EA08 /* DemoURLs.swift */,
			);
			path = Cassini;
			sourceTree = "<group>";
		};
		AEDDE2FC23E4EA9A0045EA08 /* Supporting FIles */ = {
			isa = PBXGroup;
			children = (
				AEDDE2E823E4EA510045EA08 /* AppDelegate.swift */,
				AEDDE2F323E4EA5B0045EA08 /* LaunchScreen.storyboard */,
				AEDDE2F123E4EA5B0045EA08 /* Assets.xcassets */,
			);
			path = "Supporting FIles";
			sourceTree = "<group>";
		};
/* End PBXGroup section */

/* Begin PBXNativeTarget section */
		AEDDE2E423E4EA510045EA08 /* Cassini */ = {
			isa = PBXNativeTarget;
			buildConfigurationList = AEDDE2F923E4EA5B0045EA08 /* Build configuration list for PBXNativeTarget "Cassini" */;
			buildPhases = (
				AEDDE2E123E4EA510045EA08 /* Sources */,
				AEDDE2E223E4EA510045EA08 /* Frameworks */,
				AEDDE2E323E4EA510045EA08 /* Resources */,
			);
			buildRules = (
			);
			dependencies = (
			);
			name = Cassini;
			productName = Cassini;
			productReference = AEDDE2E523E4EA510045EA08 /* Cassini.app */;
			productType = "com.apple.product-type.application";
		};
/* End PBXNativeTarget section */

/* Begin PBXProject section */
		AEDDE2DD23E4EA510045EA08 /* Project object */ = {
			isa = PBXProject;
			attributes = {
				LastSwiftUpdateCheck = 1130;
				LastUpgradeCheck = 1130;
				ORGANIZATIONNAME = "Adam Israfil";
				TargetAttributes = {
					AEDDE2E423E4EA510045EA08 = {
						CreatedOnToolsVersion = 11.3.1;
					};
				};
			};
			buildConfigurationList = AEDDE2E023E4EA510045EA08 /* Build configuration list for PBXProject "Cassini" */;
			compatibilityVersion = "Xcode 9.3";
			developmentRegion = en;
			hasScannedForEncodings = 0;
			knownRegions = (
				en,
				Base,
			);
			mainGroup = AEDDE2DC23E4EA510045EA08;
			productRefGroup = AEDDE2E623E4EA510045EA08 /* Products */;
			projectDirPath = "";
			projectRoot = "";
			targets = (
				AEDDE2E423E4EA510045EA08 /* Cassini */,
			);
		};
/* End PBXProject section */

/* Begin PBXResourcesBuildPhase section */
		AEDDE2E323E4EA510045EA08 /* Resources */ = {
			isa = PBXResourcesBuildPhase;
			buildActionMask = 2147483647;
			files = (
				AEDDE2F523E4EA5B0045EA08 /* LaunchScreen.storyboard in Resources */,
				AEDDE30223E654D70045EA08 /* oval.jpg in Resources */,
				AEDDE2F223E4EA5B0045EA08 /* Assets.xcassets in Resources */,
				AEDDE2F023E4EA510045EA08 /* Main.storyboard in Resources */,
			);
			runOnlyForDeploymentPostprocessing = 0;
		};
/* End PBXResourcesBuildPhase section */

/* Begin PBXSourcesBuildPhase section */
		AEDDE2E123E4EA510045EA08 /* Sources */ = {
			isa = PBXSourcesBuildPhase;
			buildActionMask = 2147483647;
			files = (
				AEDDE2FE23E4EB6C0045EA08 /* ImageViewController.swift in Sources */,
				AEDDE2E923E4EA510045EA08 /* AppDelegate.swift in Sources */,
				AEDDE30023E654A80045EA08 /* DemoURLs.swift in Sources */,
				AE85723023F8C6BE00ABF925 /* CassiniViewController.swift in Sources */,
			);
			runOnlyForDeploymentPostprocessing = 0;
		};
/* End PBXSourcesBuildPhase section */

/* Begin PBXVariantGroup section */
		AEDDE2EE23E4EA510045EA08 /* Main.storyboard */ = {
			isa = PBXVariantGroup;
			children = (
				AEDDE2EF23E4EA510045EA08 /* Base */,
			);
			name = Main.storyboard;
			sourceTree = "<group>";
		};
		AEDDE2F323E4EA5B0045EA08 /* LaunchScreen.storyboard */ = {
			isa = PBXVariantGroup;
			children = (
				AEDDE2F423E4EA5B0045EA08 /* Base */,
			);
			name = LaunchScreen.storyboard;
			sourceTree = "<group>";
		};
/* End PBXVariantGroup section */

/* Begin XCBuildConfiguration section */
		AEDDE2F723E4EA5B0045EA08 /* Debug */ = {
			isa = XCBuildConfiguration;
			buildSettings = {
				ALWAYS_SEARCH_USER_PATHS = NO;
				CLANG_ANALYZER_NONNULL = YES;
				CLANG_ANALYZER_NUMBER_OBJECT_CONVERSION = YES_AGGRESSIVE;
				CLANG_CXX_LANGUAGE_STANDARD = "gnu++14";
				CLANG_CXX_LIBRARY = "libc++";
				CLANG_ENABLE_MODULES = YES;
				CLANG_ENABLE_OBJC_ARC = YES;
				CLANG_ENABLE_OBJC_WEAK = YES;
				CLANG_WARN_BLOCK_CAPTURE_AUTORELEASING = YES;
				CLANG_WARN_BOOL_CONVERSION = YES;
				CLANG_WARN_COMMA = YES;
				CLANG_WARN_CONSTANT_CONVERSION = YES;
				CLANG_WARN_DEPRECATED_OBJC_IMPLEMENTATIONS = YES;
				CLANG_WARN_DIRECT_OBJC_ISA_USAGE = YES_ERROR;
				CLANG_WARN_DOCUMENTATION_COMMENTS = YES;
				CLANG_WARN_EMPTY_BODY = YES;
				CLANG_WARN_ENUM_CONVERSION = YES;
				CLANG_WARN_INFINITE_RECURSION = YES;
				CLANG_WARN_INT_CONVERSION = YES;
				CLANG_WARN_NON_LITERAL_NULL_CONVERSION = YES;
				CLANG_WARN_OBJC_IMPLICIT_RETAIN_SELF = YES;
				CLANG_WARN_OBJC_LITERAL_CONVERSION = YES;
				CLANG_WARN_OBJC_ROOT_CLASS = YES_ERROR;
				CLANG_WARN_RANGE_LOOP_ANALYSIS = YES;
				CLANG_WARN_STRICT_PROTOTYPES = YES;
				CLANG_WARN_SUSPICIOUS_MOVE = YES;
				CLANG_WARN_UNGUARDED_AVAILABILITY = YES_AGGRESSIVE;
				CLANG_WARN_UNREACHABLE_CODE = YES;
				CLANG_WARN__DUPLICATE_METHOD_MATCH = YES;
				COPY_PHASE_STRIP = NO;
				DEBUG_INFORMATION_FORMAT = dwarf;
				ENABLE_STRICT_OBJC_MSGSEND = YES;
				ENABLE_TESTABILITY = YES;
				GCC_C_LANGUAGE_STANDARD = gnu11;
				GCC_DYNAMIC_NO_PIC = NO;
				GCC_NO_COMMON_BLOCKS = YES;
				GCC_OPTIMIZATION_LEVEL = 0;
				GCC_PREPROCESSOR_DEFINITIONS = (
					"DEBUG=1",
					"$(inherited)",
				);
				GCC_WARN_64_TO_32_BIT_CONVERSION = YES;
				GCC_WARN_ABOUT_RETURN_TYPE = YES_ERROR;
				GCC_WARN_UNDECLARED_SELECTOR = YES;
				GCC_WARN_UNINITIALIZED_AUTOS = YES_AGGRESSIVE;
				GCC_WARN_UNUSED_FUNCTION = YES;
				GCC_WARN_UNUSED_VARIABLE = YES;
				IPHONEOS_DEPLOYMENT_TARGET = 13.2;
				MTL_ENABLE_DEBUG_INFO = INCLUDE_SOURCE;
				MTL_FAST_MATH = YES;
				ONLY_ACTIVE_ARCH = YES;
				SDKROOT = iphoneos;
				SWIFT_ACTIVE_COMPILATION_CONDITIONS = DEBUG;
				SWIFT_OPTIMIZATION_LEVEL = "-Onone";
			};
			name = Debug;
		};
		AEDDE2F823E4EA5B0045EA08 /* Release */ = {
			isa = XCBuildConfiguration;
			buildSettings = {
				ALWAYS_SEARCH_USER_PATHS = NO;
				CLANG_ANALYZER_NONNULL = YES;
				CLANG_ANALYZER_NUMBER_OBJECT_CONVERSION = YES_AGGRESSIVE;
				CLANG_CXX_LANGUAGE_STANDARD = "gnu++14";
				CLANG_CXX_LIBRARY = "libc++";
				CLANG_ENABLE_MODULES = YES;
				CLANG_ENABLE_OBJC_ARC = YES;
				CLANG_ENABLE_OBJC_WEAK = YES;
				CLANG_WARN_BLOCK_CAPTURE_AUTORELEASING = YES;
				CLANG_WARN_BOOL_CONVERSION = YES;
				CLANG_WARN_COMMA = YES;
				CLANG_WARN_CONSTANT_CONVERSION = YES;
				CLANG_WARN_DEPRECATED_OBJC_IMPLEMENTATIONS = YES;
				CLANG_WARN_DIRECT_OBJC_ISA_USAGE = YES_ERROR;
				CLANG_WARN_DOCUMENTATION_COMMENTS = YES;
				CLANG_WARN_EMPTY_BODY = YES;
				CLANG_WARN_ENUM_CONVERSION = YES;
				CLANG_WARN_INFINITE_RECURSION = YES;
				CLANG_WARN_INT_CONVERSION = YES;
				CLANG_WARN_NON_LITERAL_NULL_CONVERSION = YES;
				CLANG_WARN_OBJC_IMPLICIT_RETAIN_SELF = YES;
				CLANG_WARN_OBJC_LITERAL_CONVERSION = YES;
				CLANG_WARN_OBJC_ROOT_CLASS = YES_ERROR;
				CLANG_WARN_RANGE_LOOP_ANALYSIS = YES;
				CLANG_WARN_STRICT_PROTOTYPES = YES;
				CLANG_WARN_SUSPICIOUS_MOVE = YES;
				CLANG_WARN_UNGUARDED_AVAILABILITY = YES_AGGRESSIVE;
				CLANG_WARN_UNREACHABLE_CODE = YES;
				CLANG_WARN__DUPLICATE_METHOD_MATCH = YES;
				COPY_PHASE_STRIP = NO;
				DEBUG_INFORMATION_FORMAT = "dwarf-with-dsym";
				ENABLE_NS_ASSERTIONS = NO;
				ENABLE_STRICT_OBJC_MSGSEND = YES;
				GCC_C_LANGUAGE_STANDARD = gnu11;
				GCC_NO_COMMON_BLOCKS = YES;
				GCC_WARN_64_TO_32_BIT_CONVERSION = YES;
				GCC_WARN_ABOUT_RETURN_TYPE = YES_ERROR;
				GCC_WARN_UNDECLARED_SELECTOR = YES;
				GCC_WARN_UNINITIALIZED_AUTOS = YES_AGGRESSIVE;
				GCC_WARN_UNUSED_FUNCTION = YES;
				GCC_WARN_UNUSED_VARIABLE = YES;
				IPHONEOS_DEPLOYMENT_TARGET = 13.2;
				MTL_ENABLE_DEBUG_INFO = NO;
				MTL_FAST_MATH = YES;
				SDKROOT = iphoneos;
				SWIFT_COMPILATION_MODE = wholemodule;
				SWIFT_OPTIMIZATION_LEVEL = "-O";
				VALIDATE_PRODUCT = YES;
			};
			name = Release;
		};
		AEDDE2FA23E4EA5B0045EA08 /* Debug */ = {
			isa = XCBuildConfiguration;
			buildSettings = {
				ASSETCATALOG_COMPILER_APPICON_NAME = AppIcon;
				CODE_SIGN_STYLE = Automatic;
				DEVELOPMENT_TEAM = 5786MD6437;
				INFOPLIST_FILE = Cassini/Info.plist;
				LD_RUNPATH_SEARCH_PATHS = (
					"$(inherited)",
					"@executable_path/Frameworks",
				);
				PRODUCT_BUNDLE_IDENTIFIER = com.adamisrafil.Cassini;
				PRODUCT_NAME = "$(TARGET_NAME)";
				SWIFT_VERSION = 5.0;
				TARGETED_DEVICE_FAMILY = "1,2";
			};
			name = Debug;
		};
		AEDDE2FB23E4EA5B0045EA08 /* Release */ = {
			isa = XCBuildConfiguration;
			buildSettings = {
				ASSETCATALOG_COMPILER_APPICON_NAME = AppIcon;
				CODE_SIGN_STYLE = Automatic;
				DEVELOPMENT_TEAM = 5786MD6437;
				INFOPLIST_FILE = Cassini/Info.plist;
				LD_RUNPATH_SEARCH_PATHS = (
					"$(inherited)",
					"@executable_path/Frameworks",
				);
				PRODUCT_BUNDLE_IDENTIFIER = com.adamisrafil.Cassini;
				PRODUCT_NAME = "$(TARGET_NAME)";
				SWIFT_VERSION = 5.0;
				TARGETED_DEVICE_FAMILY = "1,2";
			};
			name = Release;
		};
/* End XCBuildConfiguration section */

/* Begin XCConfigurationList section */
		AEDDE2E023E4EA510045EA08 /* Build configuration list for PBXProject "Cassini" */ = {
			isa = XCConfigurationList;
			buildConfigurations = (
				AEDDE2F723E4EA5B0045EA08 /* Debug */,
				AEDDE2F823E4EA5B0045EA08 /* Release */,
			);
			defaultConfigurationIsVisible = 0;
			defaultConfigurationName = Release;
		};
		AEDDE2F923E4EA5B0045EA08 /* Build configuration list for PBXNativeTarget "Cassini" */ = {
			isa = XCConfigurationList;
			buildConfigurations = (
				AEDDE2FA23E4EA5B0045EA08 /* Debug */,
				AEDDE2FB23E4EA5B0045EA08 /* Release */,
			);
			defaultConfigurationIsVisible = 0;
			defaultConfigurationName = Release;
		};
/* End XCConfigurationList section */
	};
	rootObject = AEDDE2DD23E4EA510045EA08 /* Project object */;
}
